
Microsoft Visual Studio Solution File, Format Version 12.00
# Visual Studio Version 16
VisualStudioVersion = 16.0.29215.179
MinimumVisualStudioVersion = 10.0.40219.1
Project("{FAE04EC0-301F-11D3-BF4B-00C04F79EFBC}") = "Login", "Login\Login.csproj", "{590AD607-3BA9-4E11-8386-82A5D0379582}"
EndProject
Project("{2150E333-8FDC-42A3-9474-1A3956D46DE8}") = "vers1", "vers1", "{107BC384-8E9C-4CCF-A120-91CD318602AB}"
EndProject
Global
	GlobalSection(SolutionConfigurationPlatforms) = preSolution
		Debug|Any CPU = Debug|Any CPU
		Debug|x64 = Debug|x64
		Debug|x86 = Debug|x86
		Release|Any CPU = Release|Any CPU
		Release|x64 = Release|x64
		Release|x86 = Release|x86
	EndGlobalSection
	GlobalSection(ProjectConfigurationPlatforms) = postSolution
		{590AD607-3BA9-4E11-8386-82A5D0379582}.Debug|Any CPU.ActiveCfg = Debug|Any CPU
		{590AD607-3BA9-4E11-8386-82A5D0379582}.Debug|Any CPU.Build.0 = Debug|Any CPU
		{590AD607-3BA9-4E11-8386-82A5D0379582}.Debug|x64.ActiveCfg = Debug|Any CPU
		{590AD607-3BA9-4E11-8386-82A5D0379582}.Debug|x64.Build.0 = Debug|Any CPU
		{590AD607-3BA9-4E11-8386-82A5D0379582}.Debug|x86.ActiveCfg = Debug|Any CPU
		{590AD607-3BA9-4E11-8386-82A5D0379582}.Debug|x86.Build.0 = Debug|Any CPU
		{590AD607-3BA9-4E11-8386-82A5D0379582}.Release|Any CPU.ActiveCfg = Release|Any CPU
		{590AD607-3BA9-4E11-8386-82A5D0379582}.Release|Any CPU.Build.0 = Release|Any CPU
		{590AD607-3BA9-4E11-8386-82A5D0379582}.Release|x64.ActiveCfg = Release|Any CPU
		{590AD607-3BA9-4E11-8386-82A5D0379582}.Release|x64.Build.0 = Release|Any CPU
		{590AD607-3BA9-4E11-8386-82A5D0379582}.Release|x86.ActiveCfg = Release|Any CPU
		{590AD607-3BA9-4E11-8386-82A5D0379582}.Release|x86.Build.0 = Release|Any CPU
	EndGlobalSection
	GlobalSection(SolutionProperties) = preSolution
		HideSolutionNode = FALSE
	EndGlobalSection
	GlobalSection(NestedProjects) = preSolution
		{590AD607-3BA9-4E11-8386-82A5D0379582} = {107BC384-8E9C-4CCF-A120-91CD318602AB}
	EndGlobalSection
	GlobalSection(ExtensibilityGlobals) = postSolution
		SolutionGuid = {408D4DA0-3EDD-4769-9962-DE09226D7D05}
	EndGlobalSection
EndGlobal
